
Microsoft Visual Studio Solution File, Format Version 12.00
# Visual Studio Version 16
VisualStudioVersion = 16.0.30413.136
MinimumVisualStudioVersion = 10.0.40219.1
Project("{9A19103F-16F7-4668-BE54-9A1E7A4F7556}") = "PasswordBoxMVVMExample", "example\PasswordBoxMVVMExample.csproj", "{36EF3498-9140-43BA-9B9E-B342E77B8DFD}"
EndProject
Project("{FAE04EC0-301F-11D3-BF4B-00C04F79EFBC}") = "PasswordBoxMVVM", "PasswordBoxMVVM\PasswordBoxMVVM.csproj", "{832A17EA-C363-4A48-B27E-C011B62DC09A}"
EndProject
Global
	GlobalSection(SolutionConfigurationPlatforms) = preSolution
		Debug|Any CPU = Debug|Any CPU
		Release|Any CPU = Release|Any CPU
	EndGlobalSection
	GlobalSection(ProjectConfigurationPlatforms) = postSolution
		{36EF3498-9140-43BA-9B9E-B342E77B8DFD}.Debug|Any CPU.ActiveCfg = Debug|Any CPU
		{36EF3498-9140-43BA-9B9E-B342E77B8DFD}.Debug|Any CPU.Build.0 = Debug|Any CPU
		{36EF3498-9140-43BA-9B9E-B342E77B8DFD}.Release|Any CPU.ActiveCfg = Release|Any CPU
		{36EF3498-9140-43BA-9B9E-B342E77B8DFD}.Release|Any CPU.Build.0 = Release|Any CPU
		{832A17EA-C363-4A48-B27E-C011B62DC09A}.Debug|Any CPU.ActiveCfg = Debug|Any CPU
		{832A17EA-C363-4A48-B27E-C011B62DC09A}.Debug|Any CPU.Build.0 = Debug|Any CPU
		{832A17EA-C363-4A48-B27E-C011B62DC09A}.Release|Any CPU.ActiveCfg = Release|Any CPU
		{832A17EA-C363-4A48-B27E-C011B62DC09A}.Release|Any CPU.Build.0 = Release|Any CPU
	EndGlobalSection
	GlobalSection(SolutionProperties) = preSolution
		HideSolutionNode = FALSE
	EndGlobalSection
	GlobalSection(ExtensibilityGlobals) = postSolution
		SolutionGuid = {B48F9BFD-E3AE-40DC-9CFB-A3B50DCC7FBF}
	EndGlobalSection
EndGlobal
